{
  "version": 4,
  "terraform_version": "1.14.0",
  "serial": 13,
  "lineage": "a8d10ab2-5ff7-c4b1-cdf7-024b0e90fe96",
  "outputs": {},
  "resources": [
    {
      "mode": "managed",
      "type": "local_file",
      "name": "config",
      "provider": "provider[\"registry.terraform.io/hashicorp/local\"]",
      "instances": [
        {
          "schema_version": 0,
          "attributes": {
            "content": "team_name_activity    = devops-dev",
            "content_base64": null,
            "content_base64sha256": "L0nqcliVPoTRhRmadm6ou7Pr/9PxD40WXTr2Uf99Y/Y=",
            "content_base64sha512": "0/GjRt7psabADMwoVb2PQlLRTQUHtk4S2EuAsjue1nLlPXTG8oYQnklgB+c9usOSrhVi6Oy7k+gQEpRJoSf6LQ==",
            "content_md5": "6f88064ee92c216bba910bbcd0def612",
            "content_sha1": "b3419848454dc6c58d271873e1832b3110a3506f",
            "content_sha256": "2f49ea7258953e84d185199a766ea8bbb3ebffd3f10f8d165d3af651ff7d63f6",
            "content_sha512": "d3f1a346dee9b1a6c00ccc2855bd8f4252d14d0507b64e12d84b80b23b9ed672e53d74c6f286109e496007e73dbac392ae1562e8ecbb93e810129449a127fa2d",
            "directory_permission": "0777",
            "file_permission": "0777",
            "filename": "./config.txt",
            "id": "b3419848454dc6c58d271873e1832b3110a3506f",
            "sensitive_content": null,
            "source": null
          },
          "sensitive_attributes": [
            [
              {
                "type": "get_attr",
                "value": "sensitive_content"
              }
            ]
          ],
          "identity_schema_version": 0
        }
      ]
    }
  ],
  "check_results": null
}
