{
  "version": 4,
  "terraform_version": "1.14.0",
  "serial": 16,
  "lineage": "a8d10ab2-5ff7-c4b1-cdf7-024b0e90fe96",
  "outputs": {},
  "resources": [
    {
      "mode": "managed",
      "type": "local_file",
      "name": "config",
      "provider": "provider[\"registry.terraform.io/hashicorp/local\"]",
      "instances": [
        {
          "schema_version": 0,
          "attributes": {
            "content": "devops-dev",
            "content_base64": null,
            "content_base64sha256": "mh8aPXvu0L2IRqiwce3rDoQ5rIrculp4aNQFRZ+b+Vo=",
            "content_base64sha512": "Zj6oZQK9xSQa9YP+N+YCw9YulLgQ0c2tK9xpELyowKYC4sAaqTPCSYNHsDWHMWX8SpFaKj79z9o5Nh1A8I7HNQ==",
            "content_md5": "956dd65394ef8148c399f8cd5e4bd84e",
            "content_sha1": "9816e11c6e8fa0036ea827d8da47b0d361974e76",
            "content_sha256": "9a1f1a3d7beed0bd8846a8b071edeb0e8439ac8adcba5a7868d405459f9bf95a",
            "content_sha512": "663ea86502bdc5241af583fe37e602c3d62e94b810d1cdad2bdc6910bca8c0a602e2c01aa933c2498347b035873165fc4a915a2a3efdcfda39361d40f08ec735",
            "directory_permission": "0777",
            "file_permission": "0777",
            "filename": "./config.txt",
            "id": "9816e11c6e8fa0036ea827d8da47b0d361974e76",
            "sensitive_content": null,
            "source": null
          },
          "sensitive_attributes": [
            [
              {
                "type": "get_attr",
                "value": "sensitive_content"
              }
            ]
          ],
          "identity_schema_version": 0
        }
      ]
    }
  ],
  "check_results": null
}
