{
  "version": 4,
  "terraform_version": "1.14.0",
  "serial": 4,
  "lineage": "77222c9b-7d5b-00f8-7fc5-5befd897d9e6",
  "outputs": {},
  "resources": [
    {
      "mode": "managed",
      "type": "local_file",
      "name": "config",
      "provider": "provider[\"registry.terraform.io/hashicorp/local\"]",
      "instances": [
        {
          "schema_version": 0,
          "attributes": {
            "content": " bench-dev",
            "content_base64": null,
            "content_base64sha256": "FO+AaRxRLn0Rqrx6xKUjxH4wOFu/5yWFh0DXz/hLW0I=",
            "content_base64sha512": "IpRcGK5LL0RxMnpWuHCDpOsi3YQnzEyWWbHGfk1Bukwzl3CMshEl7pPH+Cq/OAHqWmCFjhBDRzke7D9KZ0QqTQ==",
            "content_md5": "d7628f5fef5946b1e5658c05c176237c",
            "content_sha1": "917bd252cdf623a484ad867f3d9ccc81a8ebf322",
            "content_sha256": "14ef80691c512e7d11aabc7ac4a523c47e30385bbfe725858740d7cff84b5b42",
            "content_sha512": "22945c18ae4b2f4471327a56b87083a4eb22dd8427cc4c9659b1c67e4d41ba4c3397708cb21125ee93c7f82abf3801ea5a60858e104347391eec3f4a67442a4d",
            "directory_permission": "0777",
            "file_permission": "0777",
            "filename": "./config.txt",
            "id": "917bd252cdf623a484ad867f3d9ccc81a8ebf322",
            "sensitive_content": null,
            "source": null
          },
          "sensitive_attributes": [
            [
              {
                "type": "get_attr",
                "value": "sensitive_content"
              }
            ]
          ],
          "identity_schema_version": 0
        }
      ]
    }
  ],
  "check_results": null
}
