{
  "version": 4,
  "terraform_version": "1.14.0",
  "serial": 1,
  "lineage": "1df25f47-92e6-0703-136d-c327181d7476",
  "outputs": {},
  "resources": [
    {
      "mode": "managed",
      "type": "local_file",
      "name": "config",
      "provider": "provider[\"registry.terraform.io/hashicorp/local\"]",
      "instances": [
        {
          "schema_version": 0,
          "attributes": {
            "content": "bench-dev",
            "content_base64": null,
            "content_base64sha256": "RvP+13XFnZpOU2FT1nPzgkxCrhtMSiZC09e/1D2ijYc=",
            "content_base64sha512": "9DcRmXfFNPMpBTmIQEzi0wNSkQE5LenQmoMECrKSUt/Cnqyws/10aCK5Js5boOckpMl4saikfXe7TVWGz4D+7Q==",
            "content_md5": "709275d0b9eca059e1b8665c74954943",
            "content_sha1": "64ab911d4514a5dab02453f69540546def617abe",
            "content_sha256": "46f3fed775c59d9a4e536153d673f3824c42ae1b4c4a2642d3d7bfd43da28d87",
            "content_sha512": "f437119977c534f329053988404ce2d303529101392de9d09a83040ab29252dfc29eacb0b3fd746822b926ce5ba0e724a4c978b1a8a47d77bb4d5586cf80feed",
            "directory_permission": "0777",
            "file_permission": "0777",
            "filename": "./config.txt",
            "id": "64ab911d4514a5dab02453f69540546def617abe",
            "sensitive_content": null,
            "source": null
          },
          "sensitive_attributes": [
            [
              {
                "type": "get_attr",
                "value": "sensitive_content"
              }
            ]
          ],
          "identity_schema_version": 0
        }
      ]
    }
  ],
  "check_results": null
}
